{
  "version": 4,
  "terraform_version": "0.14.7",
  "serial": 209,
  "lineage": "2608f123-1c4e-8bf0-8998-2444b8604d5c",
  "outputs": {},
  "resources": [
    {
      "mode": "managed",
      "type": "google_cloud_run_service",
      "name": "default",
      "provider": "provider[\"registry.terraform.io/hashicorp/google\"]",
      "instances": [
        {
          "status": "tainted",
          "schema_version": 0,
          "attributes": {
            "id": "locations/us-central1/namespaces/p2p-evaluation/services/cloudrun-srv",
            "location": "us-central1",
            "metadata": null,
            "name": "cloudrun-srv",
            "project": null,
            "status": null,
            "template": [
              {
                "metadata": [],
                "spec": [
                  {
                    "container_concurrency": 0,
                    "containers": [
                      {
                        "args": [
                          "\u003c/dev/zero"
                        ],
                        "command": [
                          "bc_p2p"
                        ],
                        "env": [],
                        "env_from": [],
                        "image": "us.gcr.io/p2p-evaluation/ihlec_bc_p2p",
                        "resources": [],
                        "working_dir": ""
                      }
                    ],
                    "service_account_name": "",
                    "serving_state": ""
                  }
                ]
              }
            ],
            "timeouts": null,
            "traffic": [
              {
                "latest_revision": true,
                "percent": 100,
                "revision_name": ""
              }
            ]
          },
          "sensitive_attributes": [],
          "private": "eyJlMmJmYjczMC1lY2FhLTExZTYtOGY4OC0zNDM2M2JjN2M0YzAiOnsiY3JlYXRlIjozNjAwMDAwMDAwMDAsImRlbGV0ZSI6MjQwMDAwMDAwMDAwLCJ1cGRhdGUiOjM2MDAwMDAwMDAwMH19"
        }
      ]
    },
    {
      "mode": "managed",
      "type": "google_compute_network",
      "name": "vpc_network",
      "provider": "provider[\"registry.terraform.io/hashicorp/google\"]",
      "instances": [
        {
          "schema_version": 0,
          "attributes": {
            "auto_create_subnetworks": true,
            "delete_default_routes_on_create": false,
            "description": "",
            "gateway_ipv4": "",
            "id": "projects/p2p-evaluation/global/networks/bcp2p-terraform-network",
            "ipv4_range": null,
            "name": "bcp2p-terraform-network",
            "project": "p2p-evaluation",
            "routing_mode": "REGIONAL",
            "self_link": "https://www.googleapis.com/compute/v1/projects/p2p-evaluation/global/networks/bcp2p-terraform-network",
            "timeouts": null
          },
          "sensitive_attributes": [],
          "private": "eyJlMmJmYjczMC1lY2FhLTExZTYtOGY4OC0zNDM2M2JjN2M0YzAiOnsiY3JlYXRlIjoyNDAwMDAwMDAwMDAsImRlbGV0ZSI6MjQwMDAwMDAwMDAwLCJ1cGRhdGUiOjI0MDAwMDAwMDAwMH19"
        }
      ]
    }
  ]
}
